
Microsoft Visual Studio Solution File, Format Version 12.00
# Visual Studio Version 16
VisualStudioVersion = 25.0.1703.8
MinimumVisualStudioVersion = 10.0.40219.1
Project("{FAE04EC0-301F-11D3-BF4B-00C04F79EFBC}") = "Test_OmegaPoint", "Test_OmegaPoint\Test_OmegaPoint.csproj", "{865D36D8-3718-46C0-AB3A-F5FD5C444890}"
EndProject
Global
	GlobalSection(SolutionConfigurationPlatforms) = preSolution
		Debug|Any CPU = Debug|Any CPU
		Release|Any CPU = Release|Any CPU
	EndGlobalSection
	GlobalSection(ProjectConfigurationPlatforms) = postSolution
		{865D36D8-3718-46C0-AB3A-F5FD5C444890}.Debug|Any CPU.ActiveCfg = Debug|Any CPU
		{865D36D8-3718-46C0-AB3A-F5FD5C444890}.Debug|Any CPU.Build.0 = Debug|Any CPU
		{865D36D8-3718-46C0-AB3A-F5FD5C444890}.Release|Any CPU.ActiveCfg = Release|Any CPU
		{865D36D8-3718-46C0-AB3A-F5FD5C444890}.Release|Any CPU.Build.0 = Release|Any CPU
	EndGlobalSection
	GlobalSection(SolutionProperties) = preSolution
		HideSolutionNode = FALSE
	EndGlobalSection
	GlobalSection(ExtensibilityGlobals) = postSolution
		SolutionGuid = {C4FCC48A-7A16-43D5-AA63-019538C1AF84}
	EndGlobalSection
EndGlobal
